// !$*UTF8*$!
{
	archiveVersion = 1;
	classes = {
	};
	objectVersion = 56;
	objects = {

/* Begin PBXBuildFile section */
		BCE5EE61291C868C00341A59 /* LandmarkExApp.swift in Sources */ = {isa = PBXBuildFile; fileRef = BCE5EE60291C868C00341A59 /* LandmarkExApp.swift */; };
		BCE5EE63291C868C00341A59 /* ContentView.swift in Sources */ = {isa = PBXBuildFile; fileRef = BCE5EE62291C868C00341A59 /* ContentView.swift */; };
		BCE5EE65291C868E00341A59 /* Assets.xcassets in Resources */ = {isa = PBXBuildFile; fileRef = BCE5EE64291C868E00341A59 /* Assets.xcassets */; };
		BCE5EE68291C868E00341A59 /* Preview Assets.xcassets in Resources */ = {isa = PBXBuildFile; fileRef = BCE5EE67291C868E00341A59 /* Preview Assets.xcassets */; };
		BCE5EE70291C86C500341A59 /* landmarkData.json in Resources */ = {isa = PBXBuildFile; fileRef = BCE5EE6E291C86C500341A59 /* landmarkData.json */; };
		BCE5EE73291C87DA00341A59 /* ModelData.swift in Sources */ = {isa = PBXBuildFile; fileRef = BCE5EE72291C87DA00341A59 /* ModelData.swift */; };
		BCE5EE78291C889800341A59 /* Landmark.swift in Sources */ = {isa = PBXBuildFile; fileRef = BCE5EE77291C889800341A59 /* Landmark.swift */; };
		BCE5EE7A291C938500341A59 /* LandmarkRow.swift in Sources */ = {isa = PBXBuildFile; fileRef = BCE5EE79291C938500341A59 /* LandmarkRow.swift */; };
		BCE5EE7C291C99CF00341A59 /* LandmarkList.swift in Sources */ = {isa = PBXBuildFile; fileRef = BCE5EE7B291C99CF00341A59 /* LandmarkList.swift */; };
		BCE5EE7E291C9D2500341A59 /* LandmarkDetail.swift in Sources */ = {isa = PBXBuildFile; fileRef = BCE5EE7D291C9D2500341A59 /* LandmarkDetail.swift */; };
		BCE5EE80291C9D9200341A59 /* MapView.swift in Sources */ = {isa = PBXBuildFile; fileRef = BCE5EE7F291C9D9200341A59 /* MapView.swift */; };
		BCE5EE82291CA24C00341A59 /* CircleImage.swift in Sources */ = {isa = PBXBuildFile; fileRef = BCE5EE81291CA24C00341A59 /* CircleImage.swift */; };
		BCE5EE84291CA39C00341A59 /* InfoView.swift in Sources */ = {isa = PBXBuildFile; fileRef = BCE5EE83291CA39C00341A59 /* InfoView.swift */; };
/* End PBXBuildFile section */

/* Begin PBXFileReference section */
		BCE5EE5D291C868C00341A59 /* LandmarkEx.app */ = {isa = PBXFileReference; explicitFileType = wrapper.application; includeInIndex = 0; path = LandmarkEx.app; sourceTree = BUILT_PRODUCTS_DIR; };
		BCE5EE60291C868C00341A59 /* LandmarkExApp.swift */ = {isa = PBXFileReference; lastKnownFileType = sourcecode.swift; path = LandmarkExApp.swift; sourceTree = "<group>"; };
		BCE5EE62291C868C00341A59 /* ContentView.swift */ = {isa = PBXFileReference; lastKnownFileType = sourcecode.swift; path = ContentView.swift; sourceTree = "<group>"; };
		BCE5EE64291C868E00341A59 /* Assets.xcassets */ = {isa = PBXFileReference; lastKnownFileType = folder.assetcatalog; path = Assets.xcassets; sourceTree = "<group>"; };
		BCE5EE67291C868E00341A59 /* Preview Assets.xcassets */ = {isa = PBXFileReference; lastKnownFileType = folder.assetcatalog; path = "Preview Assets.xcassets"; sourceTree = "<group>"; };
		BCE5EE6E291C86C500341A59 /* landmarkData.json */ = {isa = PBXFileReference; fileEncoding = 4; lastKnownFileType = text.json; path = landmarkData.json; sourceTree = "<group>"; };
		BCE5EE72291C87DA00341A59 /* ModelData.swift */ = {isa = PBXFileReference; lastKnownFileType = sourcecode.swift; path = ModelData.swift; sourceTree = "<group>"; };
		BCE5EE77291C889800341A59 /* Landmark.swift */ = {isa = PBXFileReference; lastKnownFileType = sourcecode.swift; path = Landmark.swift; sourceTree = "<group>"; };
		BCE5EE79291C938500341A59 /* LandmarkRow.swift */ = {isa = PBXFileReference; lastKnownFileType = sourcecode.swift; path = LandmarkRow.swift; sourceTree = "<group>"; };
		BCE5EE7B291C99CF00341A59 /* LandmarkList.swift */ = {isa = PBXFileReference; lastKnownFileType = sourcecode.swift; path = LandmarkList.swift; sourceTree = "<group>"; };
		BCE5EE7D291C9D2500341A59 /* LandmarkDetail.swift */ = {isa = PBXFileReference; lastKnownFileType = sourcecode.swift; path = LandmarkDetail.swift; sourceTree = "<group>"; };
		BCE5EE7F291C9D9200341A59 /* MapView.swift */ = {isa = PBXFileReference; lastKnownFileType = sourcecode.swift; path = MapView.swift; sourceTree = "<group>"; };
		BCE5EE81291CA24C00341A59 /* CircleImage.swift */ = {isa = PBXFileReference; lastKnownFileType = sourcecode.swift; path = CircleImage.swift; sourceTree = "<group>"; };
		BCE5EE83291CA39C00341A59 /* InfoView.swift */ = {isa = PBXFileReference; lastKnownFileType = sourcecode.swift; path = InfoView.swift; sourceTree = "<group>"; };
/* End PBXFileReference section */

/* Begin PBXFrameworksBuildPhase section */
		BCE5EE5A291C868C00341A59 /* Frameworks */ = {
			isa = PBXFrameworksBuildPhase;
			buildActionMask = 2147483647;
			files = (
			);
			runOnlyForDeploymentPostprocessing = 0;
		};
/* End PBXFrameworksBuildPhase section */

/* Begin PBXGroup section */
		BCE5EE54291C868C00341A59 = {
			isa = PBXGroup;
			children = (
				BCE5EE5F291C868C00341A59 /* LandmarkEx */,
				BCE5EE5E291C868C00341A59 /* Products */,
			);
			sourceTree = "<group>";
		};
		BCE5EE5E291C868C00341A59 /* Products */ = {
			isa = PBXGroup;
			children = (
				BCE5EE5D291C868C00341A59 /* LandmarkEx.app */,
			);
			name = Products;
			sourceTree = "<group>";
		};
		BCE5EE5F291C868C00341A59 /* LandmarkEx */ = {
			isa = PBXGroup;
			children = (
				BCE5EE60291C868C00341A59 /* LandmarkExApp.swift */,
				BCE5EE76291C881800341A59 /* Resources */,
				BCE5EE75291C87EE00341A59 /* View */,
				BCE5EE74291C87E700341A59 /* Model */,
				BCE5EE64291C868E00341A59 /* Assets.xcassets */,
				BCE5EE66291C868E00341A59 /* Preview Content */,
			);
			path = LandmarkEx;
			sourceTree = "<group>";
		};
		BCE5EE66291C868E00341A59 /* Preview Content */ = {
			isa = PBXGroup;
			children = (
				BCE5EE67291C868E00341A59 /* Preview Assets.xcassets */,
			);
			path = "Preview Content";
			sourceTree = "<group>";
		};
		BCE5EE74291C87E700341A59 /* Model */ = {
			isa = PBXGroup;
			children = (
				BCE5EE72291C87DA00341A59 /* ModelData.swift */,
				BCE5EE77291C889800341A59 /* Landmark.swift */,
			);
			path = Model;
			sourceTree = "<group>";
		};
		BCE5EE75291C87EE00341A59 /* View */ = {
			isa = PBXGroup;
			children = (
				BCE5EE62291C868C00341A59 /* ContentView.swift */,
				BCE5EE79291C938500341A59 /* LandmarkRow.swift */,
				BCE5EE7B291C99CF00341A59 /* LandmarkList.swift */,
				BCE5EE7D291C9D2500341A59 /* LandmarkDetail.swift */,
				BCE5EE7F291C9D9200341A59 /* MapView.swift */,
				BCE5EE81291CA24C00341A59 /* CircleImage.swift */,
				BCE5EE83291CA39C00341A59 /* InfoView.swift */,
			);
			path = View;
			sourceTree = "<group>";
		};
		BCE5EE76291C881800341A59 /* Resources */ = {
			isa = PBXGroup;
			children = (
				BCE5EE6E291C86C500341A59 /* landmarkData.json */,
			);
			path = Resources;
			sourceTree = "<group>";
		};
/* End PBXGroup section */

/* Begin PBXNativeTarget section */
		BCE5EE5C291C868C00341A59 /* LandmarkEx */ = {
			isa = PBXNativeTarget;
			buildConfigurationList = BCE5EE6B291C868E00341A59 /* Build configuration list for PBXNativeTarget "LandmarkEx" */;
			buildPhases = (
				BCE5EE59291C868C00341A59 /* Sources */,
				BCE5EE5A291C868C00341A59 /* Frameworks */,
				BCE5EE5B291C868C00341A59 /* Resources */,
			);
			buildRules = (
			);
			dependencies = (
			);
			name = LandmarkEx;
			productName = LandmarkEx;
			productReference = BCE5EE5D291C868C00341A59 /* LandmarkEx.app */;
			productType = "com.apple.product-type.application";
		};
/* End PBXNativeTarget section */

/* Begin PBXProject section */
		BCE5EE55291C868C00341A59 /* Project object */ = {
			isa = PBXProject;
			attributes = {
				BuildIndependentTargetsInParallel = 1;
				LastSwiftUpdateCheck = 1400;
				LastUpgradeCheck = 1400;
				TargetAttributes = {
					BCE5EE5C291C868C00341A59 = {
						CreatedOnToolsVersion = 14.0;
					};
				};
			};
			buildConfigurationList = BCE5EE58291C868C00341A59 /* Build configuration list for PBXProject "LandmarkEx" */;
			compatibilityVersion = "Xcode 14.0";
			developmentRegion = en;
			hasScannedForEncodings = 0;
			knownRegions = (
				en,
				Base,
			);
			mainGroup = BCE5EE54291C868C00341A59;
			productRefGroup = BCE5EE5E291C868C00341A59 /* Products */;
			projectDirPath = "";
			projectRoot = "";
			targets = (
				BCE5EE5C291C868C00341A59 /* LandmarkEx */,
			);
		};
/* End PBXProject section */

/* Begin PBXResourcesBuildPhase section */
		BCE5EE5B291C868C00341A59 /* Resources */ = {
			isa = PBXResourcesBuildPhase;
			buildActionMask = 2147483647;
			files = (
				BCE5EE68291C868E00341A59 /* Preview Assets.xcassets in Resources */,
				BCE5EE65291C868E00341A59 /* Assets.xcassets in Resources */,
				BCE5EE70291C86C500341A59 /* landmarkData.json in Resources */,
			);
			runOnlyForDeploymentPostprocessing = 0;
		};
/* End PBXResourcesBuildPhase section */

/* Begin PBXSourcesBuildPhase section */
		BCE5EE59291C868C00341A59 /* Sources */ = {
			isa = PBXSourcesBuildPhase;
			buildActionMask = 2147483647;
			files = (
				BCE5EE63291C868C00341A59 /* ContentView.swift in Sources */,
				BCE5EE80291C9D9200341A59 /* MapView.swift in Sources */,
				BCE5EE7C291C99CF00341A59 /* LandmarkList.swift in Sources */,
				BCE5EE61291C868C00341A59 /* LandmarkExApp.swift in Sources */,
				BCE5EE73291C87DA00341A59 /* ModelData.swift in Sources */,
				BCE5EE82291CA24C00341A59 /* CircleImage.swift in Sources */,
				BCE5EE7A291C938500341A59 /* LandmarkRow.swift in Sources */,
				BCE5EE78291C889800341A59 /* Landmark.swift in Sources */,
				BCE5EE84291CA39C00341A59 /* InfoView.swift in Sources */,
				BCE5EE7E291C9D2500341A59 /* LandmarkDetail.swift in Sources */,
			);
			runOnlyForDeploymentPostprocessing = 0;
		};
/* End PBXSourcesBuildPhase section */

/* Begin XCBuildConfiguration section */
		BCE5EE69291C868E00341A59 /* Debug */ = {
			isa = XCBuildConfiguration;
			buildSettings = {
				ALWAYS_SEARCH_USER_PATHS = NO;
				CLANG_ANALYZER_NONNULL = YES;
				CLANG_ANALYZER_NUMBER_OBJECT_CONVERSION = YES_AGGRESSIVE;
				CLANG_CXX_LANGUAGE_STANDARD = "gnu++20";
				CLANG_ENABLE_MODULES = YES;
				CLANG_ENABLE_OBJC_ARC = YES;
				CLANG_ENABLE_OBJC_WEAK = YES;
				CLANG_WARN_BLOCK_CAPTURE_AUTORELEASING = YES;
				CLANG_WARN_BOOL_CONVERSION = YES;
				CLANG_WARN_COMMA = YES;
				CLANG_WARN_CONSTANT_CONVERSION = YES;
				CLANG_WARN_DEPRECATED_OBJC_IMPLEMENTATIONS = YES;
				CLANG_WARN_DIRECT_OBJC_ISA_USAGE = YES_ERROR;
				CLANG_WARN_DOCUMENTATION_COMMENTS = YES;
				CLANG_WARN_EMPTY_BODY = YES;
				CLANG_WARN_ENUM_CONVERSION = YES;
				CLANG_WARN_INFINITE_RECURSION = YES;
				CLANG_WARN_INT_CONVERSION = YES;
				CLANG_WARN_NON_LITERAL_NULL_CONVERSION = YES;
				CLANG_WARN_OBJC_IMPLICIT_RETAIN_SELF = YES;
				CLANG_WARN_OBJC_LITERAL_CONVERSION = YES;
				CLANG_WARN_OBJC_ROOT_CLASS = YES_ERROR;
				CLANG_WARN_QUOTED_INCLUDE_IN_FRAMEWORK_HEADER = YES;
				CLANG_WARN_RANGE_LOOP_ANALYSIS = YES;
				CLANG_WARN_STRICT_PROTOTYPES = YES;
				CLANG_WARN_SUSPICIOUS_MOVE = YES;
				CLANG_WARN_UNGUARDED_AVAILABILITY = YES_AGGRESSIVE;
				CLANG_WARN_UNREACHABLE_CODE = YES;
				CLANG_WARN__DUPLICATE_METHOD_MATCH = YES;
				COPY_PHASE_STRIP = NO;
				DEBUG_INFORMATION_FORMAT = dwarf;
				ENABLE_STRICT_OBJC_MSGSEND = YES;
				ENABLE_TESTABILITY = YES;
				GCC_C_LANGUAGE_STANDARD = gnu11;
				GCC_DYNAMIC_NO_PIC = NO;
				GCC_NO_COMMON_BLOCKS = YES;
				GCC_OPTIMIZATION_LEVEL = 0;
				GCC_PREPROCESSOR_DEFINITIONS = (
					"DEBUG=1",
					"$(inherited)",
				);
				GCC_WARN_64_TO_32_BIT_CONVERSION = YES;
				GCC_WARN_ABOUT_RETURN_TYPE = YES_ERROR;
				GCC_WARN_UNDECLARED_SELECTOR = YES;
				GCC_WARN_UNINITIALIZED_AUTOS = YES_AGGRESSIVE;
				GCC_WARN_UNUSED_FUNCTION = YES;
				GCC_WARN_UNUSED_VARIABLE = YES;
				IPHONEOS_DEPLOYMENT_TARGET = 16.0;
				MTL_ENABLE_DEBUG_INFO = INCLUDE_SOURCE;
				MTL_FAST_MATH = YES;
				ONLY_ACTIVE_ARCH = YES;
				SDKROOT = iphoneos;
				SWIFT_ACTIVE_COMPILATION_CONDITIONS = DEBUG;
				SWIFT_OPTIMIZATION_LEVEL = "-Onone";
			};
			name = Debug;
		};
		BCE5EE6A291C868E00341A59 /* Release */ = {
			isa = XCBuildConfiguration;
			buildSettings = {
				ALWAYS_SEARCH_USER_PATHS = NO;
				CLANG_ANALYZER_NONNULL = YES;
				CLANG_ANALYZER_NUMBER_OBJECT_CONVERSION = YES_AGGRESSIVE;
				CLANG_CXX_LANGUAGE_STANDARD = "gnu++20";
				CLANG_ENABLE_MODULES = YES;
				CLANG_ENABLE_OBJC_ARC = YES;
				CLANG_ENABLE_OBJC_WEAK = YES;
				CLANG_WARN_BLOCK_CAPTURE_AUTORELEASING = YES;
				CLANG_WARN_BOOL_CONVERSION = YES;
				CLANG_WARN_COMMA = YES;
				CLANG_WARN_CONSTANT_CONVERSION = YES;
				CLANG_WARN_DEPRECATED_OBJC_IMPLEMENTATIONS = YES;
				CLANG_WARN_DIRECT_OBJC_ISA_USAGE = YES_ERROR;
				CLANG_WARN_DOCUMENTATION_COMMENTS = YES;
				CLANG_WARN_EMPTY_BODY = YES;
				CLANG_WARN_ENUM_CONVERSION = YES;
				CLANG_WARN_INFINITE_RECURSION = YES;
				CLANG_WARN_INT_CONVERSION = YES;
				CLANG_WARN_NON_LITERAL_NULL_CONVERSION = YES;
				CLANG_WARN_OBJC_IMPLICIT_RETAIN_SELF = YES;
				CLANG_WARN_OBJC_LITERAL_CONVERSION = YES;
				CLANG_WARN_OBJC_ROOT_CLASS = YES_ERROR;
				CLANG_WARN_QUOTED_INCLUDE_IN_FRAMEWORK_HEADER = YES;
				CLANG_WARN_RANGE_LOOP_ANALYSIS = YES;
				CLANG_WARN_STRICT_PROTOTYPES = YES;
				CLANG_WARN_SUSPICIOUS_MOVE = YES;
				CLANG_WARN_UNGUARDED_AVAILABILITY = YES_AGGRESSIVE;
				CLANG_WARN_UNREACHABLE_CODE = YES;
				CLANG_WARN__DUPLICATE_METHOD_MATCH = YES;
				COPY_PHASE_STRIP = NO;
				DEBUG_INFORMATION_FORMAT = "dwarf-with-dsym";
				ENABLE_NS_ASSERTIONS = NO;
				ENABLE_STRICT_OBJC_MSGSEND = YES;
				GCC_C_LANGUAGE_STANDARD = gnu11;
				GCC_NO_COMMON_BLOCKS = YES;
				GCC_WARN_64_TO_32_BIT_CONVERSION = YES;
				GCC_WARN_ABOUT_RETURN_TYPE = YES_ERROR;
				GCC_WARN_UNDECLARED_SELECTOR = YES;
				GCC_WARN_UNINITIALIZED_AUTOS = YES_AGGRESSIVE;
				GCC_WARN_UNUSED_FUNCTION = YES;
				GCC_WARN_UNUSED_VARIABLE = YES;
				IPHONEOS_DEPLOYMENT_TARGET = 16.0;
				MTL_ENABLE_DEBUG_INFO = NO;
				MTL_FAST_MATH = YES;
				SDKROOT = iphoneos;
				SWIFT_COMPILATION_MODE = wholemodule;
				SWIFT_OPTIMIZATION_LEVEL = "-O";
				VALIDATE_PRODUCT = YES;
			};
			name = Release;
		};
		BCE5EE6C291C868E00341A59 /* Debug */ = {
			isa = XCBuildConfiguration;
			buildSettings = {
				ASSETCATALOG_COMPILER_APPICON_NAME = AppIcon;
				ASSETCATALOG_COMPILER_GLOBAL_ACCENT_COLOR_NAME = AccentColor;
				CODE_SIGN_STYLE = Automatic;
				CURRENT_PROJECT_VERSION = 1;
				DEVELOPMENT_ASSET_PATHS = "\"LandmarkEx/Preview Content\"";
				ENABLE_PREVIEWS = YES;
				GENERATE_INFOPLIST_FILE = YES;
				INFOPLIST_KEY_UIApplicationSceneManifest_Generation = YES;
				INFOPLIST_KEY_UIApplicationSupportsIndirectInputEvents = YES;
				INFOPLIST_KEY_UILaunchScreen_Generation = YES;
				INFOPLIST_KEY_UISupportedInterfaceOrientations_iPad = "UIInterfaceOrientationPortrait UIInterfaceOrientationPortraitUpsideDown UIInterfaceOrientationLandscapeLeft UIInterfaceOrientationLandscapeRight";
				INFOPLIST_KEY_UISupportedInterfaceOrientations_iPhone = "UIInterfaceOrientationPortrait UIInterfaceOrientationLandscapeLeft UIInterfaceOrientationLandscapeRight";
				LD_RUNPATH_SEARCH_PATHS = (
					"$(inherited)",
					"@executable_path/Frameworks",
				);
				MARKETING_VERSION = 1.0;
				PRODUCT_BUNDLE_IDENTIFIER = net.womansup2022.kjm.LandmarkEx;
				PRODUCT_NAME = "$(TARGET_NAME)";
				SWIFT_EMIT_LOC_STRINGS = YES;
				SWIFT_VERSION = 5.0;
				TARGETED_DEVICE_FAMILY = "1,2";
			};
			name = Debug;
		};
		BCE5EE6D291C868E00341A59 /* Release */ = {
			isa = XCBuildConfiguration;
			buildSettings = {
				ASSETCATALOG_COMPILER_APPICON_NAME = AppIcon;
				ASSETCATALOG_COMPILER_GLOBAL_ACCENT_COLOR_NAME = AccentColor;
				CODE_SIGN_STYLE = Automatic;
				CURRENT_PROJECT_VERSION = 1;
				DEVELOPMENT_ASSET_PATHS = "\"LandmarkEx/Preview Content\"";
				ENABLE_PREVIEWS = YES;
				GENERATE_INFOPLIST_FILE = YES;
				INFOPLIST_KEY_UIApplicationSceneManifest_Generation = YES;
				INFOPLIST_KEY_UIApplicationSupportsIndirectInputEvents = YES;
				INFOPLIST_KEY_UILaunchScreen_Generation = YES;
				INFOPLIST_KEY_UISupportedInterfaceOrientations_iPad = "UIInterfaceOrientationPortrait UIInterfaceOrientationPortraitUpsideDown UIInterfaceOrientationLandscapeLeft UIInterfaceOrientationLandscapeRight";
				INFOPLIST_KEY_UISupportedInterfaceOrientations_iPhone = "UIInterfaceOrientationPortrait UIInterfaceOrientationLandscapeLeft UIInterfaceOrientationLandscapeRight";
				LD_RUNPATH_SEARCH_PATHS = (
					"$(inherited)",
					"@executable_path/Frameworks",
				);
				MARKETING_VERSION = 1.0;
				PRODUCT_BUNDLE_IDENTIFIER = net.womansup2022.kjm.LandmarkEx;
				PRODUCT_NAME = "$(TARGET_NAME)";
				SWIFT_EMIT_LOC_STRINGS = YES;
				SWIFT_VERSION = 5.0;
				TARGETED_DEVICE_FAMILY = "1,2";
			};
			name = Release;
		};
/* End XCBuildConfiguration section */

/* Begin XCConfigurationList section */
		BCE5EE58291C868C00341A59 /* Build configuration list for PBXProject "LandmarkEx" */ = {
			isa = XCConfigurationList;
			buildConfigurations = (
				BCE5EE69291C868E00341A59 /* Debug */,
				BCE5EE6A291C868E00341A59 /* Release */,
			);
			defaultConfigurationIsVisible = 0;
			defaultConfigurationName = Release;
		};
		BCE5EE6B291C868E00341A59 /* Build configuration list for PBXNativeTarget "LandmarkEx" */ = {
			isa = XCConfigurationList;
			buildConfigurations = (
				BCE5EE6C291C868E00341A59 /* Debug */,
				BCE5EE6D291C868E00341A59 /* Release */,
			);
			defaultConfigurationIsVisible = 0;
			defaultConfigurationName = Release;
		};
/* End XCConfigurationList section */
	};
	rootObject = BCE5EE55291C868C00341A59 /* Project object */;
}
